
Microsoft Visual Studio Solution File, Format Version 12.00
# Visual Studio Version 17
VisualStudioVersion = 17.0.31903.59
MinimumVisualStudioVersion = 10.0.40219.1
Project("{2150E333-8FDC-42A3-9474-1A3956D46DE8}") = "api", "api", "{1D76BE23-6213-4A51-98F6-490F7C77751F}"
EndProject
Project("{FAE04EC0-301F-11D3-BF4B-00C04F79EFBC}") = "WebApplication1", "api\WebApplication1\WebApplication1.csproj", "{920FDE50-705C-4E5E-9E0C-9D20C442DCEF}"
EndProject
Project("{FAE04EC0-301F-11D3-BF4B-00C04F79EFBC}") = "PDF.API", "PDF.API\PDF.API.csproj", "{C7F2D212-3EA0-4326-A020-53E0D33534A4}"
EndProject
Global
	GlobalSection(SolutionConfigurationPlatforms) = preSolution
		Debug|Any CPU = Debug|Any CPU
		Release|Any CPU = Release|Any CPU
	EndGlobalSection
	GlobalSection(SolutionProperties) = preSolution
		HideSolutionNode = FALSE
	EndGlobalSection
	GlobalSection(ProjectConfigurationPlatforms) = postSolution
		{920FDE50-705C-4E5E-9E0C-9D20C442DCEF}.Debug|Any CPU.ActiveCfg = Debug|Any CPU
		{920FDE50-705C-4E5E-9E0C-9D20C442DCEF}.Debug|Any CPU.Build.0 = Debug|Any CPU
		{920FDE50-705C-4E5E-9E0C-9D20C442DCEF}.Release|Any CPU.ActiveCfg = Release|Any CPU
		{920FDE50-705C-4E5E-9E0C-9D20C442DCEF}.Release|Any CPU.Build.0 = Release|Any CPU
		{C7F2D212-3EA0-4326-A020-53E0D33534A4}.Debug|Any CPU.ActiveCfg = Debug|Any CPU
		{C7F2D212-3EA0-4326-A020-53E0D33534A4}.Debug|Any CPU.Build.0 = Debug|Any CPU
		{C7F2D212-3EA0-4326-A020-53E0D33534A4}.Release|Any CPU.ActiveCfg = Release|Any CPU
		{C7F2D212-3EA0-4326-A020-53E0D33534A4}.Release|Any CPU.Build.0 = Release|Any CPU
	EndGlobalSection
	GlobalSection(NestedProjects) = preSolution
		{920FDE50-705C-4E5E-9E0C-9D20C442DCEF} = {1D76BE23-6213-4A51-98F6-490F7C77751F}
	EndGlobalSection
EndGlobal
